
Microsoft Visual Studio Solution File, Format Version 12.00
# Visual Studio Version 17
VisualStudioVersion = 17.14.36429.23 d17.14
MinimumVisualStudioVersion = 10.0.40219.1
Project("{FAE04EC0-301F-11D3-BF4B-00C04F79EFBC}") = "lb2", "lb2\lb2.csproj", "{5319499D-FBD0-4E0C-9757-6F8C3C3F7851}"
EndProject
Project("{FAE04EC0-301F-11D3-BF4B-00C04F79EFBC}") = "lb2.1", "lb2.1\lb2.1.csproj", "{ADCB6780-B6C7-492C-B31C-33B3C6715943}"
EndProject
Project("{FAE04EC0-301F-11D3-BF4B-00C04F79EFBC}") = "lb2.2", "lb2.2\lb2.2.csproj", "{2E42D5BD-CE24-45E1-BE82-E98D206345E2}"
EndProject
Project("{FAE04EC0-301F-11D3-BF4B-00C04F79EFBC}") = "lb2.3", "lb2.3\lb2.3.csproj", "{40E706D4-D29A-4897-A145-B18CA5A4758D}"
EndProject
Project("{FAE04EC0-301F-11D3-BF4B-00C04F79EFBC}") = "lb2.4", "lb2.4\lb2.4.csproj", "{3F595EA8-FC00-40DB-9050-BE5788077398}"
EndProject
Global
	GlobalSection(SolutionConfigurationPlatforms) = preSolution
		Debug|Any CPU = Debug|Any CPU
		Release|Any CPU = Release|Any CPU
	EndGlobalSection
	GlobalSection(ProjectConfigurationPlatforms) = postSolution
		{5319499D-FBD0-4E0C-9757-6F8C3C3F7851}.Debug|Any CPU.ActiveCfg = Debug|Any CPU
		{5319499D-FBD0-4E0C-9757-6F8C3C3F7851}.Debug|Any CPU.Build.0 = Debug|Any CPU
		{5319499D-FBD0-4E0C-9757-6F8C3C3F7851}.Release|Any CPU.ActiveCfg = Release|Any CPU
		{5319499D-FBD0-4E0C-9757-6F8C3C3F7851}.Release|Any CPU.Build.0 = Release|Any CPU
		{ADCB6780-B6C7-492C-B31C-33B3C6715943}.Debug|Any CPU.ActiveCfg = Debug|Any CPU
		{ADCB6780-B6C7-492C-B31C-33B3C6715943}.Debug|Any CPU.Build.0 = Debug|Any CPU
		{ADCB6780-B6C7-492C-B31C-33B3C6715943}.Release|Any CPU.ActiveCfg = Release|Any CPU
		{ADCB6780-B6C7-492C-B31C-33B3C6715943}.Release|Any CPU.Build.0 = Release|Any CPU
		{2E42D5BD-CE24-45E1-BE82-E98D206345E2}.Debug|Any CPU.ActiveCfg = Debug|Any CPU
		{2E42D5BD-CE24-45E1-BE82-E98D206345E2}.Debug|Any CPU.Build.0 = Debug|Any CPU
		{2E42D5BD-CE24-45E1-BE82-E98D206345E2}.Release|Any CPU.ActiveCfg = Release|Any CPU
		{2E42D5BD-CE24-45E1-BE82-E98D206345E2}.Release|Any CPU.Build.0 = Release|Any CPU
		{40E706D4-D29A-4897-A145-B18CA5A4758D}.Debug|Any CPU.ActiveCfg = Debug|Any CPU
		{40E706D4-D29A-4897-A145-B18CA5A4758D}.Debug|Any CPU.Build.0 = Debug|Any CPU
		{40E706D4-D29A-4897-A145-B18CA5A4758D}.Release|Any CPU.ActiveCfg = Release|Any CPU
		{40E706D4-D29A-4897-A145-B18CA5A4758D}.Release|Any CPU.Build.0 = Release|Any CPU
		{3F595EA8-FC00-40DB-9050-BE5788077398}.Debug|Any CPU.ActiveCfg = Debug|Any CPU
		{3F595EA8-FC00-40DB-9050-BE5788077398}.Debug|Any CPU.Build.0 = Debug|Any CPU
		{3F595EA8-FC00-40DB-9050-BE5788077398}.Release|Any CPU.ActiveCfg = Release|Any CPU
		{3F595EA8-FC00-40DB-9050-BE5788077398}.Release|Any CPU.Build.0 = Release|Any CPU
	EndGlobalSection
	GlobalSection(SolutionProperties) = preSolution
		HideSolutionNode = FALSE
	EndGlobalSection
	GlobalSection(ExtensibilityGlobals) = postSolution
		SolutionGuid = {DA2E16E4-B150-46DB-B55E-8BE5E84DE9FA}
	EndGlobalSection
EndGlobal
